Microsoft Visual Studio Solution File, Format Version 11.00
# Visual Studio 2010
Project("{FAE04EC0-301F-11D3-BF4B-00C04F79EFBC}") = "E2042", "E2042.csproj", "{719F437E-8259-4D8F-8096-EF313ECBFDB0}"
EndProject
Global
	GlobalSection(SolutionConfigurationPlatforms) = preSolution
		Debug|Any CPU = Debug|Any CPU
		Release|Any CPU = Release|Any CPU
	EndGlobalSection
	GlobalSection(ProjectConfigurationPlatforms) = postSolution
		{719F437E-8259-4D8F-8096-EF313ECBFDB0}.Debug|Any CPU.ActiveCfg = Debug|Any CPU
		{719F437E-8259-4D8F-8096-EF313ECBFDB0}.Debug|Any CPU.Build.0 = Debug|Any CPU
		{719F437E-8259-4D8F-8096-EF313ECBFDB0}.Release|Any CPU.ActiveCfg = Release|Any CPU
		{719F437E-8259-4D8F-8096-EF313ECBFDB0}.Release|Any CPU.Build.0 = Release|Any CPU
	EndGlobalSection
	GlobalSection(SolutionProperties) = preSolution
		HideSolutionNode = FALSE
	EndGlobalSection
EndGlobal
