Microsoft Visual Studio Solution File, Format Version 11.00
# Visual Studio 2010
Project("{F184B08F-C81C-45F6-A57F-5ABD9991F28F}") = "E2042", "E2042.vbproj", "{719F437E-8259-4D8F-8096-EF313ECBFDB0}"
EndProject
Global
	GlobalSection(SolutionConfigurationPlatforms) = preSolution
		Debug|Any CPU = Debug|Any CPU
		Release|Any CPU = Release|Any CPU
	EndGlobalSection
	GlobalSection(ProjectConfigurationPlatforms) = postSolution
		{719F437E-8259-4D8F-8096-EF313ECBFDB0}.Debug|Any CPU.ActiveCfg = Debug|Any CPU
		{719F437E-8259-4D8F-8096-EF313ECBFDB0}.Debug|Any CPU.Build.0 = Debug|Any CPU
		{719F437E-8259-4D8F-8096-EF313ECBFDB0}.Release|Any CPU.ActiveCfg = Release|Any CPU
		{719F437E-8259-4D8F-8096-EF313ECBFDB0}.Release|Any CPU.Build.0 = Release|Any CPU
	EndGlobalSection
	GlobalSection(SolutionProperties) = preSolution
		HideSolutionNode = FALSE
	EndGlobalSection
EndGlobal
